
Microsoft Visual Studio Solution File, Format Version 12.00
# Visual Studio Version 16
VisualStudioVersion = 16.0.30330.147
MinimumVisualStudioVersion = 10.0.40219.1
Project("{9092AA53-FB77-4645-B42D-1CCCA6BD08BD}") = "NodejsHelloword", "NodejsHelloword\NodejsHelloword.njsproj", "{7CA4F635-8A81-4107-B530-E0404B1AF59C}"
EndProject
Global
	GlobalSection(SolutionConfigurationPlatforms) = preSolution
		Debug|Any CPU = Debug|Any CPU
		Release|Any CPU = Release|Any CPU
	EndGlobalSection
	GlobalSection(ProjectConfigurationPlatforms) = postSolution
		{7CA4F635-8A81-4107-B530-E0404B1AF59C}.Debug|Any CPU.ActiveCfg = Debug|Any CPU
		{7CA4F635-8A81-4107-B530-E0404B1AF59C}.Debug|Any CPU.Build.0 = Debug|Any CPU
		{7CA4F635-8A81-4107-B530-E0404B1AF59C}.Release|Any CPU.ActiveCfg = Release|Any CPU
		{7CA4F635-8A81-4107-B530-E0404B1AF59C}.Release|Any CPU.Build.0 = Release|Any CPU
	EndGlobalSection
	GlobalSection(SolutionProperties) = preSolution
		HideSolutionNode = FALSE
	EndGlobalSection
	GlobalSection(ExtensibilityGlobals) = postSolution
		SolutionGuid = {00FFCCE0-0834-46C6-8AF6-2F50EFD5452A}
	EndGlobalSection
EndGlobal
